
Microsoft Visual Studio Solution File, Format Version 12.00
# Visual Studio Version 17
VisualStudioVersion = 17.13.35818.85 d17.13
MinimumVisualStudioVersion = 10.0.40219.1
Project("{FAE04EC0-301F-11D3-BF4B-00C04F79EFBC}") = "WebApplication5", "WebApplication5\WebApplication5.csproj", "{75A7A789-708B-4B33-B760-3CA3BB679430}"
EndProject
Global
	GlobalSection(SolutionConfigurationPlatforms) = preSolution
		Debug|Any CPU = Debug|Any CPU
		Release|Any CPU = Release|Any CPU
	EndGlobalSection
	GlobalSection(ProjectConfigurationPlatforms) = postSolution
		{75A7A789-708B-4B33-B760-3CA3BB679430}.Debug|Any CPU.ActiveCfg = Debug|Any CPU
		{75A7A789-708B-4B33-B760-3CA3BB679430}.Debug|Any CPU.Build.0 = Debug|Any CPU
		{75A7A789-708B-4B33-B760-3CA3BB679430}.Release|Any CPU.ActiveCfg = Release|Any CPU
		{75A7A789-708B-4B33-B760-3CA3BB679430}.Release|Any CPU.Build.0 = Release|Any CPU
	EndGlobalSection
	GlobalSection(SolutionProperties) = preSolution
		HideSolutionNode = FALSE
	EndGlobalSection
	GlobalSection(ExtensibilityGlobals) = postSolution
		SolutionGuid = {7CD98087-37C9-48BF-9496-66EB7494D542}
	EndGlobalSection
EndGlobal
